NeoBundleLock L9 c822b05ee0886f9a9703227dc85a6d47612c4bf1
NeoBundleLock neobundle.vim 6d860289bfee4770741b1868bf030ce9bf0eb759
NeoBundleLock open-browser.vim a3d9bba498c610a2bb1029fd51a3ac3b6b144147
NeoBundleLock previm b130f24277e3c6a5afa3984921516b0a83b31d28
NeoBundleLock sparkup 62c2bc6129c81cdba997ea903584ee3ec5b41b38
NeoBundleLock vim-colors-solarized 528a59f26d12278698bb946f8fb82a63711eec21
NeoBundleLock vim-fugitive 8851b8fe643517af160f59dfc3d88a0c4eed1fa5
NeoBundleLock vim-quickrun 97e1c8f6674d3ccce4730510d67c4e15894adcdc
NeoBundleLock vim-submode d44a302b3ca97c8014c35c93893ca8fec0b95e4e
NeoBundleLock vimtex 20e4f23a895d4b5fa56db3303e1fcb02ace51002
